
Microsoft Visual Studio Solution File, Format Version 12.00
# Visual Studio Version 16
VisualStudioVersion = 16.0.30320.27
MinimumVisualStudioVersion = 10.0.40219.1
Project("{FAE04EC0-301F-11D3-BF4B-00C04F79EFBC}") = "Software Evolution", "Software Evolution\Software Evolution.csproj", "{ECB61496-AA2B-44C6-AAC0-AB08DC615B06}"
EndProject
Global
	GlobalSection(SolutionConfigurationPlatforms) = preSolution
		Debug|Any CPU = Debug|Any CPU
		Release|Any CPU = Release|Any CPU
	EndGlobalSection
	GlobalSection(ProjectConfigurationPlatforms) = postSolution
		{ECB61496-AA2B-44C6-AAC0-AB08DC615B06}.Debug|Any CPU.ActiveCfg = Debug|Any CPU
		{ECB61496-AA2B-44C6-AAC0-AB08DC615B06}.Debug|Any CPU.Build.0 = Debug|Any CPU
		{ECB61496-AA2B-44C6-AAC0-AB08DC615B06}.Release|Any CPU.ActiveCfg = Release|Any CPU
		{ECB61496-AA2B-44C6-AAC0-AB08DC615B06}.Release|Any CPU.Build.0 = Release|Any CPU
	EndGlobalSection
	GlobalSection(SolutionProperties) = preSolution
		HideSolutionNode = FALSE
	EndGlobalSection
	GlobalSection(ExtensibilityGlobals) = postSolution
		SolutionGuid = {F570C7B6-25DF-47B2-B4E4-04F045A4E422}
	EndGlobalSection
EndGlobal
